Microsoft Visual Studio Solution File, Format Version 12.00
# Visual Studio Version 16
VisualStudioVersion = 16.0.0.0
MinimumVisualStudioVersion = 16.0.0.0
Project("{9A19103F-16F7-4668-BE54-9A1E7A4F7556}") = "Match3.Web", "Match3.Web\Match3.Web.csproj", "{AE306508-9D8B-4A11-971C-DEF1AEE4B632}"
EndProject
Project("{9A19103F-16F7-4668-BE54-9A1E7A4F7556}") = "Match3.Web.Client", "Match3.Web.Client\Match3.Web.Client.csproj", "{4D923632-67A8-480F-BF30-171C7FDA8181}"
EndProject
Global
	GlobalSection(SolutionConfigurationPlatforms) = preSolution
		Debug|Any CPU = Debug|Any CPU
		Debug|x64 = Debug|x64
		Debug|x86 = Debug|x86
		Release|Any CPU = Release|Any CPU
		Release|x64 = Release|x64
		Release|x86 = Release|x86
	EndGlobalSection
	GlobalSection(ProjectConfigurationPlatforms) = postSolution
		{4D923632-67A8-480F-BF30-171C7FDA8181}.Debug|Any CPU.ActiveCfg = Debug|Any CPU
		{4D923632-67A8-480F-BF30-171C7FDA8181}.Debug|Any CPU.Build.0 = Debug|Any CPU
		{4D923632-67A8-480F-BF30-171C7FDA8181}.Debug|x64.ActiveCfg = Debug|Any CPU
		{4D923632-67A8-480F-BF30-171C7FDA8181}.Debug|x64.Build.0 = Debug|Any CPU
		{4D923632-67A8-480F-BF30-171C7FDA8181}.Debug|x86.ActiveCfg = Debug|Any CPU
		{4D923632-67A8-480F-BF30-171C7FDA8181}.Debug|x86.Build.0 = Debug|Any CPU
		{4D923632-67A8-480F-BF30-171C7FDA8181}.Release|Any CPU.ActiveCfg = Release|Any CPU
		{4D923632-67A8-480F-BF30-171C7FDA8181}.Release|Any CPU.Build.0 = Release|Any CPU
		{4D923632-67A8-480F-BF30-171C7FDA8181}.Release|x64.ActiveCfg = Release|Any CPU
		{4D923632-67A8-480F-BF30-171C7FDA8181}.Release|x64.Build.0 = Release|Any CPU
		{4D923632-67A8-480F-BF30-171C7FDA8181}.Release|x86.ActiveCfg = Release|Any CPU
		{4D923632-67A8-480F-BF30-171C7FDA8181}.Release|x86.Build.0 = Release|Any CPU
		{AE306508-9D8B-4A11-971C-DEF1AEE4B632}.Debug|Any CPU.ActiveCfg = Debug|Any CPU
		{AE306508-9D8B-4A11-971C-DEF1AEE4B632}.Debug|Any CPU.Build.0 = Debug|Any CPU
		{AE306508-9D8B-4A11-971C-DEF1AEE4B632}.Debug|x64.ActiveCfg = Debug|Any CPU
		{AE306508-9D8B-4A11-971C-DEF1AEE4B632}.Debug|x64.Build.0 = Debug|Any CPU
		{AE306508-9D8B-4A11-971C-DEF1AEE4B632}.Debug|x86.ActiveCfg = Debug|Any CPU
		{AE306508-9D8B-4A11-971C-DEF1AEE4B632}.Debug|x86.Build.0 = Debug|Any CPU
		{AE306508-9D8B-4A11-971C-DEF1AEE4B632}.Release|Any CPU.ActiveCfg = Release|Any CPU
		{AE306508-9D8B-4A11-971C-DEF1AEE4B632}.Release|Any CPU.Build.0 = Release|Any CPU
		{AE306508-9D8B-4A11-971C-DEF1AEE4B632}.Release|x64.ActiveCfg = Release|Any CPU
		{AE306508-9D8B-4A11-971C-DEF1AEE4B632}.Release|x64.Build.0 = Release|Any CPU
		{AE306508-9D8B-4A11-971C-DEF1AEE4B632}.Release|x86.ActiveCfg = Release|Any CPU
		{AE306508-9D8B-4A11-971C-DEF1AEE4B632}.Release|x86.Build.0 = Release|Any CPU
	EndGlobalSection
	GlobalSection(SolutionProperties) = preSolution
		HideSolutionNode = FALSE
	EndGlobalSection
	GlobalSection(ExtensibilityGlobals) = postSolution
		SolutionGuid = {E2BD7E95-793C-40CF-B5DA-06DC6D6247BC}
	EndGlobalSection
EndGlobal
